// !$*UTF8*$!
{
	archiveVersion = 1;
	classes = {
	};
	objectVersion = 46;
	objects = {

/* Begin PBXBuildFile section */
		F08E230A1E1427870094F17B /* SessionRepositoryProtocol.swift in Sources */ = {isa = PBXBuildFile; fileRef = F08E23091E1427870094F17B /* SessionRepositoryProtocol.swift */; };
		F08E230C1E1428560094F17B /* SessionRepository.swift in Sources */ = {isa = PBXBuildFile; fileRef = F08E230B1E1428560094F17B /* SessionRepository.swift */; };
		F08E230E1E1E2DF00094F17B /* AuthResponse.swift in Sources */ = {isa = PBXBuildFile; fileRef = F08E230D1E1E2DF00094F17B /* AuthResponse.swift */; };
		F08E23101E1E348A0094F17B /* ErrorContainer.swift in Sources */ = {isa = PBXBuildFile; fileRef = F08E230F1E1E348A0094F17B /* ErrorContainer.swift */; };
		F08E23131E1E48150094F17B /* RequestHelper.swift in Sources */ = {isa = PBXBuildFile; fileRef = F08E23121E1E48150094F17B /* RequestHelper.swift */; };
		F0AF68C31E1EBA6C005ECA95 /* LightViewController.swift in Sources */ = {isa = PBXBuildFile; fileRef = F0AF68C11E1EBA6C005ECA95 /* LightViewController.swift */; };
		F0AF68C41E1EBA6C005ECA95 /* LightViewController.xib in Resources */ = {isa = PBXBuildFile; fileRef = F0AF68C21E1EBA6C005ECA95 /* LightViewController.xib */; };
		F0AF68C61E1F6B3D005ECA95 /* LightPresenter.swift in Sources */ = {isa = PBXBuildFile; fileRef = F0AF68C51E1F6B3D005ECA95 /* LightPresenter.swift */; };
		F0AF68C81E1F6B7C005ECA95 /* LightViewProtocol.swift in Sources */ = {isa = PBXBuildFile; fileRef = F0AF68C71E1F6B7C005ECA95 /* LightViewProtocol.swift */; };
		F0AF68D21E1F7871005ECA95 /* LightServiceProtocol.swift in Sources */ = {isa = PBXBuildFile; fileRef = F0AF68D11E1F7871005ECA95 /* LightServiceProtocol.swift */; };
		F0AF68D41E1F7977005ECA95 /* LightStatusResponse.swift in Sources */ = {isa = PBXBuildFile; fileRef = F0AF68D31E1F7977005ECA95 /* LightStatusResponse.swift */; };
		F0AF68D61E1F7A45005ECA95 /* LightService.swift in Sources */ = {isa = PBXBuildFile; fileRef = F0AF68D51E1F7A45005ECA95 /* LightService.swift */; };
		F0AF68DB1E20EAB6005ECA95 /* ErrorViewDelegate.swift in Sources */ = {isa = PBXBuildFile; fileRef = F0AF68DA1E20EAB6005ECA95 /* ErrorViewDelegate.swift */; };
		F0AF68DD1E20EADE005ECA95 /* ErrorViewProtocol.swift in Sources */ = {isa = PBXBuildFile; fileRef = F0AF68DC1E20EADE005ECA95 /* ErrorViewProtocol.swift */; };
		F0E0788A1DEF38C400DA13F7 /* AppDelegate.swift in Sources */ = {isa = PBXBuildFile; fileRef = F0E078891DEF38C400DA13F7 /* AppDelegate.swift */; };
		F0E0788C1DEF38C400DA13F7 /* ViewController.swift in Sources */ = {isa = PBXBuildFile; fileRef = F0E0788B1DEF38C400DA13F7 /* ViewController.swift */; };
		F0E0788F1DEF38C400DA13F7 /* Main.storyboard in Resources */ = {isa = PBXBuildFile; fileRef = F0E0788D1DEF38C400DA13F7 /* Main.storyboard */; };
		F0E078911DEF38C400DA13F7 /* Assets.xcassets in Resources */ = {isa = PBXBuildFile; fileRef = F0E078901DEF38C400DA13F7 /* Assets.xcassets */; };
		F0E078941DEF38C400DA13F7 /* LaunchScreen.storyboard in Resources */ = {isa = PBXBuildFile; fileRef = F0E078921DEF38C400DA13F7 /* LaunchScreen.storyboard */; };
		F0E0789F1DEF38C400DA13F7 /* MvpExampleTests.swift in Sources */ = {isa = PBXBuildFile; fileRef = F0E0789E1DEF38C400DA13F7 /* MvpExampleTests.swift */; };
		F0E078AA1DEF38C400DA13F7 /* MvpExampleUITests.swift in Sources */ = {isa = PBXBuildFile; fileRef = F0E078A91DEF38C400DA13F7 /* MvpExampleUITests.swift */; };
		F0E078BC1DEF3A1700DA13F7 /* AuthService.swift in Sources */ = {isa = PBXBuildFile; fileRef = F0E078BB1DEF3A1700DA13F7 /* AuthService.swift */; };
		F0E078C11DEF3BD400DA13F7 /* AuthView.swift in Sources */ = {isa = PBXBuildFile; fileRef = F0E078C01DEF3BD400DA13F7 /* AuthView.swift */; };
		F0E078C41DEF3C6900DA13F7 /* AuthPresenter.swift in Sources */ = {isa = PBXBuildFile; fileRef = F0E078C31DEF3C6900DA13F7 /* AuthPresenter.swift */; };
		F0E078C61DEF3CB300DA13F7 /* AuthServiceProtocol.swift in Sources */ = {isa = PBXBuildFile; fileRef = F0E078C51DEF3CB300DA13F7 /* AuthServiceProtocol.swift */; };
/* End PBXBuildFile section */

/* Begin PBXContainerItemProxy section */
		F0E0789B1DEF38C400DA13F7 /* PBXContainerItemProxy */ = {
			isa = PBXContainerItemProxy;
			containerPortal = F0E0787E1DEF38C400DA13F7 /* Project object */;
			proxyType = 1;
			remoteGlobalIDString = F0E078851DEF38C400DA13F7;
			remoteInfo = MvpExample;
		};
		F0E078A61DEF38C400DA13F7 /* PBXContainerItemProxy */ = {
			isa = PBXContainerItemProxy;
			containerPortal = F0E0787E1DEF38C400DA13F7 /* Project object */;
			proxyType = 1;
			remoteGlobalIDString = F0E078851DEF38C400DA13F7;
			remoteInfo = MvpExample;
		};
/* End PBXContainerItemProxy section */

/* Begin PBXFileReference section */
		F08E23091E1427870094F17B /* SessionRepositoryProtocol.swift */ = {isa = PBXFileReference; fileEncoding = 4; lastKnownFileType = sourcecode.swift; path = SessionRepositoryProtocol.swift; sourceTree = "<group>"; };
		F08E230B1E1428560094F17B /* SessionRepository.swift */ = {isa = PBXFileReference; fileEncoding = 4; lastKnownFileType = sourcecode.swift; path = SessionRepository.swift; sourceTree = "<group>"; };
		F08E230D1E1E2DF00094F17B /* AuthResponse.swift */ = {isa = PBXFileReference; fileEncoding = 4; lastKnownFileType = sourcecode.swift; path = AuthResponse.swift; sourceTree = "<group>"; };
		F08E230F1E1E348A0094F17B /* ErrorContainer.swift */ = {isa = PBXFileReference; fileEncoding = 4; lastKnownFileType = sourcecode.swift; path = ErrorContainer.swift; sourceTree = "<group>"; };
		F08E23121E1E48150094F17B /* RequestHelper.swift */ = {isa = PBXFileReference; fileEncoding = 4; lastKnownFileType = sourcecode.swift; path = RequestHelper.swift; sourceTree = "<group>"; };
		F0AF68C11E1EBA6C005ECA95 /* LightViewController.swift */ = {isa = PBXFileReference; fileEncoding = 4; lastKnownFileType = sourcecode.swift; path = LightViewController.swift; sourceTree = "<group>"; };
		F0AF68C21E1EBA6C005ECA95 /* LightViewController.xib */ = {isa = PBXFileReference; fileEncoding = 4; lastKnownFileType = file.xib; path = LightViewController.xib; sourceTree = "<group>"; };
		F0AF68C51E1F6B3D005ECA95 /* LightPresenter.swift */ = {isa = PBXFileReference; fileEncoding = 4; lastKnownFileType = sourcecode.swift; path = LightPresenter.swift; sourceTree = "<group>"; };
		F0AF68C71E1F6B7C005ECA95 /* LightViewProtocol.swift */ = {isa = PBXFileReference; fileEncoding = 4; lastKnownFileType = sourcecode.swift; path = LightViewProtocol.swift; sourceTree = "<group>"; };
		F0AF68D11E1F7871005ECA95 /* LightServiceProtocol.swift */ = {isa = PBXFileReference; fileEncoding = 4; lastKnownFileType = sourcecode.swift; path = LightServiceProtocol.swift; sourceTree = "<group>"; };
		F0AF68D31E1F7977005ECA95 /* LightStatusResponse.swift */ = {isa = PBXFileReference; fileEncoding = 4; lastKnownFileType = sourcecode.swift; path = LightStatusResponse.swift; sourceTree = "<group>"; };
		F0AF68D51E1F7A45005ECA95 /* LightService.swift */ = {isa = PBXFileReference; fileEncoding = 4; lastKnownFileType = sourcecode.swift; path = LightService.swift; sourceTree = "<group>"; };
		F0AF68DA1E20EAB6005ECA95 /* ErrorViewDelegate.swift */ = {isa = PBXFileReference; fileEncoding = 4; lastKnownFileType = sourcecode.swift; path = ErrorViewDelegate.swift; sourceTree = "<group>"; };
		F0AF68DC1E20EADE005ECA95 /* ErrorViewProtocol.swift */ = {isa = PBXFileReference; fileEncoding = 4; lastKnownFileType = sourcecode.swift; path = ErrorViewProtocol.swift; sourceTree = "<group>"; };
		F0E078861DEF38C400DA13F7 /* MvpExample.app */ = {isa = PBXFileReference; explicitFileType = wrapper.application; includeInIndex = 0; path = MvpExample.app; sourceTree = BUILT_PRODUCTS_DIR; };
		F0E078891DEF38C400DA13F7 /* AppDelegate.swift */ = {isa = PBXFileReference; lastKnownFileType = sourcecode.swift; path = AppDelegate.swift; sourceTree = "<group>"; };
		F0E0788B1DEF38C400DA13F7 /* ViewController.swift */ = {isa = PBXFileReference; lastKnownFileType = sourcecode.swift; path = ViewController.swift; sourceTree = "<group>"; };
		F0E0788E1DEF38C400DA13F7 /* Base */ = {isa = PBXFileReference; lastKnownFileType = file.storyboard; name = Base; path = Base.lproj/Main.storyboard; sourceTree = "<group>"; };
		F0E078901DEF38C400DA13F7 /* Assets.xcassets */ = {isa = PBXFileReference; lastKnownFileType = folder.assetcatalog; path = Assets.xcassets; sourceTree = "<group>"; };
		F0E078931DEF38C400DA13F7 /* Base */ = {isa = PBXFileReference; lastKnownFileType = file.storyboard; name = Base; path = Base.lproj/LaunchScreen.storyboard; sourceTree = "<group>"; };
		F0E078951DEF38C400DA13F7 /* Info.plist */ = {isa = PBXFileReference; lastKnownFileType = text.plist.xml; path = Info.plist; sourceTree = "<group>"; };
		F0E0789A1DEF38C400DA13F7 /* MvpExampleTests.xctest */ = {isa = PBXFileReference; explicitFileType = wrapper.cfbundle; includeInIndex = 0; path = MvpExampleTests.xctest; sourceTree = BUILT_PRODUCTS_DIR; };
		F0E0789E1DEF38C400DA13F7 /* MvpExampleTests.swift */ = {isa = PBXFileReference; lastKnownFileType = sourcecode.swift; path = MvpExampleTests.swift; sourceTree = "<group>"; };
		F0E078A01DEF38C400DA13F7 /* Info.plist */ = {isa = PBXFileReference; lastKnownFileType = text.plist.xml; path = Info.plist; sourceTree = "<group>"; };
		F0E078A51DEF38C400DA13F7 /* MvpExampleUITests.xctest */ = {isa = PBXFileReference; explicitFileType = wrapper.cfbundle; includeInIndex = 0; path = MvpExampleUITests.xctest; sourceTree = BUILT_PRODUCTS_DIR; };
		F0E078A91DEF38C400DA13F7 /* MvpExampleUITests.swift */ = {isa = PBXFileReference; lastKnownFileType = sourcecode.swift; path = MvpExampleUITests.swift; sourceTree = "<group>"; };
		F0E078AB1DEF38C400DA13F7 /* Info.plist */ = {isa = PBXFileReference; lastKnownFileType = text.plist.xml; path = Info.plist; sourceTree = "<group>"; };
		F0E078BB1DEF3A1700DA13F7 /* AuthService.swift */ = {isa = PBXFileReference; fileEncoding = 4; lastKnownFileType = sourcecode.swift; path = AuthService.swift; sourceTree = "<group>"; };
		F0E078C01DEF3BD400DA13F7 /* AuthView.swift */ = {isa = PBXFileReference; fileEncoding = 4; lastKnownFileType = sourcecode.swift; path = AuthView.swift; sourceTree = "<group>"; };
		F0E078C31DEF3C6900DA13F7 /* AuthPresenter.swift */ = {isa = PBXFileReference; fileEncoding = 4; lastKnownFileType = sourcecode.swift; path = AuthPresenter.swift; sourceTree = "<group>"; };
		F0E078C51DEF3CB300DA13F7 /* AuthServiceProtocol.swift */ = {isa = PBXFileReference; fileEncoding = 4; lastKnownFileType = sourcecode.swift; path = AuthServiceProtocol.swift; sourceTree = "<group>"; };
/* End PBXFileReference section */

/* Begin PBXFrameworksBuildPhase section */
		F0E078831DEF38C400DA13F7 /* Frameworks */ = {
			isa = PBXFrameworksBuildPhase;
			buildActionMask = 2147483647;
			files = (
			);
			runOnlyForDeploymentPostprocessing = 0;
		};
		F0E078971DEF38C400DA13F7 /* Frameworks */ = {
			isa = PBXFrameworksBuildPhase;
			buildActionMask = 2147483647;
			files = (
			);
			runOnlyForDeploymentPostprocessing = 0;
		};
		F0E078A21DEF38C400DA13F7 /* Frameworks */ = {
			isa = PBXFrameworksBuildPhase;
			buildActionMask = 2147483647;
			files = (
			);
			runOnlyForDeploymentPostprocessing = 0;
		};
/* End PBXFrameworksBuildPhase section */

/* Begin PBXGroup section */
		F08E23111E1E47D30094F17B /* common */ = {
			isa = PBXGroup;
			children = (
				F0AF68D91E20EA75005ECA95 /* model */,
				F0AF68D81E20EA60005ECA95 /* view */,
				F0AF68D71E20EA5A005ECA95 /* service */,
			);
			name = common;
			sourceTree = "<group>";
		};
		F0AF68C91E1F73F2005ECA95 /* auth */ = {
			isa = PBXGroup;
			children = (
				F0AF68CC1E1F7540005ECA95 /* model */,
				F0AF68CB1E1F74E5005ECA95 /* view */,
				F0AF68CA1E1F73FE005ECA95 /* presenter */,
			);
			name = auth;
			sourceTree = "<group>";
		};
		F0AF68CA1E1F73FE005ECA95 /* presenter */ = {
			isa = PBXGroup;
			children = (
				F0E078C31DEF3C6900DA13F7 /* AuthPresenter.swift */,
			);
			name = presenter;
			sourceTree = "<group>";
		};
		F0AF68CB1E1F74E5005ECA95 /* view */ = {
			isa = PBXGroup;
			children = (
				F0E0788D1DEF38C400DA13F7 /* Main.storyboard */,
				F0E0788B1DEF38C400DA13F7 /* ViewController.swift */,
				F0E078C01DEF3BD400DA13F7 /* AuthView.swift */,
			);
			name = view;
			sourceTree = "<group>";
		};
		F0AF68CC1E1F7540005ECA95 /* model */ = {
			isa = PBXGroup;
			children = (
				F08E230D1E1E2DF00094F17B /* AuthResponse.swift */,
				F0E078C51DEF3CB300DA13F7 /* AuthServiceProtocol.swift */,
				F0E078BB1DEF3A1700DA13F7 /* AuthService.swift */,
			);
			name = model;
			sourceTree = "<group>";
		};
		F0AF68CD1E1F75B1005ECA95 /* light */ = {
			isa = PBXGroup;
			children = (
				F0AF68D01E1F75C9005ECA95 /* model */,
				F0AF68CF1E1F75C1005ECA95 /* presenter */,
				F0AF68CE1E1F75B9005ECA95 /* view */,
			);
			name = light;
			sourceTree = "<group>";
		};
		F0AF68CE1E1F75B9005ECA95 /* view */ = {
			isa = PBXGroup;
			children = (
				F0AF68C21E1EBA6C005ECA95 /* LightViewController.xib */,
				F0AF68C11E1EBA6C005ECA95 /* LightViewController.swift */,
				F0AF68C71E1F6B7C005ECA95 /* LightViewProtocol.swift */,
			);
			name = view;
			sourceTree = "<group>";
		};
		F0AF68CF1E1F75C1005ECA95 /* presenter */ = {
			isa = PBXGroup;
			children = (
				F0AF68C51E1F6B3D005ECA95 /* LightPresenter.swift */,
			);
			name = presenter;
			sourceTree = "<group>";
		};
		F0AF68D01E1F75C9005ECA95 /* model */ = {
			isa = PBXGroup;
			children = (
				F0AF68D11E1F7871005ECA95 /* LightServiceProtocol.swift */,
				F0AF68D31E1F7977005ECA95 /* LightStatusResponse.swift */,
				F0AF68D51E1F7A45005ECA95 /* LightService.swift */,
			);
			name = model;
			sourceTree = "<group>";
		};
		F0AF68D71E20EA5A005ECA95 /* service */ = {
			isa = PBXGroup;
			children = (
				F08E23091E1427870094F17B /* SessionRepositoryProtocol.swift */,
				F08E230B1E1428560094F17B /* SessionRepository.swift */,
				F08E23121E1E48150094F17B /* RequestHelper.swift */,
			);
			name = service;
			sourceTree = "<group>";
		};
		F0AF68D81E20EA60005ECA95 /* view */ = {
			isa = PBXGroup;
			children = (
				F0AF68DA1E20EAB6005ECA95 /* ErrorViewDelegate.swift */,
				F0AF68DC1E20EADE005ECA95 /* ErrorViewProtocol.swift */,
			);
			name = view;
			sourceTree = "<group>";
		};
		F0AF68D91E20EA75005ECA95 /* model */ = {
			isa = PBXGroup;
			children = (
				F08E230F1E1E348A0094F17B /* ErrorContainer.swift */,
			);
			name = model;
			sourceTree = "<group>";
		};
		F0E0787D1DEF38C400DA13F7 = {
			isa = PBXGroup;
			children = (
				F0E078881DEF38C400DA13F7 /* MvpExample */,
				F0E0789D1DEF38C400DA13F7 /* MvpExampleTests */,
				F0E078A81DEF38C400DA13F7 /* MvpExampleUITests */,
				F0E078871DEF38C400DA13F7 /* Products */,
			);
			sourceTree = "<group>";
		};
		F0E078871DEF38C400DA13F7 /* Products */ = {
			isa = PBXGroup;
			children = (
				F0E078861DEF38C400DA13F7 /* MvpExample.app */,
				F0E0789A1DEF38C400DA13F7 /* MvpExampleTests.xctest */,
				F0E078A51DEF38C400DA13F7 /* MvpExampleUITests.xctest */,
			);
			name = Products;
			sourceTree = "<group>";
		};
		F0E078881DEF38C400DA13F7 /* MvpExample */ = {
			isa = PBXGroup;
			children = (
				F08E23111E1E47D30094F17B /* common */,
				F0AF68CD1E1F75B1005ECA95 /* light */,
				F0AF68C91E1F73F2005ECA95 /* auth */,
				F0E078891DEF38C400DA13F7 /* AppDelegate.swift */,
				F0E078901DEF38C400DA13F7 /* Assets.xcassets */,
				F0E078921DEF38C400DA13F7 /* LaunchScreen.storyboard */,
				F0E078951DEF38C400DA13F7 /* Info.plist */,
			);
			path = MvpExample;
			sourceTree = "<group>";
		};
		F0E0789D1DEF38C400DA13F7 /* MvpExampleTests */ = {
			isa = PBXGroup;
			children = (
				F0E0789E1DEF38C400DA13F7 /* MvpExampleTests.swift */,
				F0E078A01DEF38C400DA13F7 /* Info.plist */,
			);
			path = MvpExampleTests;
			sourceTree = "<group>";
		};
		F0E078A81DEF38C400DA13F7 /* MvpExampleUITests */ = {
			isa = PBXGroup;
			children = (
				F0E078A91DEF38C400DA13F7 /* MvpExampleUITests.swift */,
				F0E078AB1DEF38C400DA13F7 /* Info.plist */,
			);
			path = MvpExampleUITests;
			sourceTree = "<group>";
		};
/* End PBXGroup section */

/* Begin PBXNativeTarget section */
		F0E078851DEF38C400DA13F7 /* MvpExample */ = {
			isa = PBXNativeTarget;
			buildConfigurationList = F0E078AE1DEF38C400DA13F7 /* Build configuration list for PBXNativeTarget "MvpExample" */;
			buildPhases = (
				F0E078821DEF38C400DA13F7 /* Sources */,
				F0E078831DEF38C400DA13F7 /* Frameworks */,
				F0E078841DEF38C400DA13F7 /* Resources */,
			);
			buildRules = (
			);
			dependencies = (
			);
			name = MvpExample;
			productName = MvpExample;
			productReference = F0E078861DEF38C400DA13F7 /* MvpExample.app */;
			productType = "com.apple.product-type.application";
		};
		F0E078991DEF38C400DA13F7 /* MvpExampleTests */ = {
			isa = PBXNativeTarget;
			buildConfigurationList = F0E078B11DEF38C400DA13F7 /* Build configuration list for PBXNativeTarget "MvpExampleTests" */;
			buildPhases = (
				F0E078961DEF38C400DA13F7 /* Sources */,
				F0E078971DEF38C400DA13F7 /* Frameworks */,
				F0E078981DEF38C400DA13F7 /* Resources */,
			);
			buildRules = (
			);
			dependencies = (
				F0E0789C1DEF38C400DA13F7 /* PBXTargetDependency */,
			);
			name = MvpExampleTests;
			productName = MvpExampleTests;
			productReference = F0E0789A1DEF38C400DA13F7 /* MvpExampleTests.xctest */;
			productType = "com.apple.product-type.bundle.unit-test";
		};
		F0E078A41DEF38C400DA13F7 /* MvpExampleUITests */ = {
			isa = PBXNativeTarget;
			buildConfigurationList = F0E078B41DEF38C400DA13F7 /* Build configuration list for PBXNativeTarget "MvpExampleUITests" */;
			buildPhases = (
				F0E078A11DEF38C400DA13F7 /* Sources */,
				F0E078A21DEF38C400DA13F7 /* Frameworks */,
				F0E078A31DEF38C400DA13F7 /* Resources */,
			);
			buildRules = (
			);
			dependencies = (
				F0E078A71DEF38C400DA13F7 /* PBXTargetDependency */,
			);
			name = MvpExampleUITests;
			productName = MvpExampleUITests;
			productReference = F0E078A51DEF38C400DA13F7 /* MvpExampleUITests.xctest */;
			productType = "com.apple.product-type.bundle.ui-testing";
		};
/* End PBXNativeTarget section */

/* Begin PBXProject section */
		F0E0787E1DEF38C400DA13F7 /* Project object */ = {
			isa = PBXProject;
			attributes = {
				LastSwiftUpdateCheck = 0810;
				LastUpgradeCheck = 0820;
				ORGANIZATIONNAME = "Grigory Rylov";
				TargetAttributes = {
					F0E078851DEF38C400DA13F7 = {
						CreatedOnToolsVersion = 8.1;
						DevelopmentTeam = DPML6J8DHS;
						ProvisioningStyle = Automatic;
					};
					F0E078991DEF38C400DA13F7 = {
						CreatedOnToolsVersion = 8.1;
						DevelopmentTeam = DPML6J8DHS;
						ProvisioningStyle = Automatic;
						TestTargetID = F0E078851DEF38C400DA13F7;
					};
					F0E078A41DEF38C400DA13F7 = {
						CreatedOnToolsVersion = 8.1;
						DevelopmentTeam = DPML6J8DHS;
						ProvisioningStyle = Automatic;
						TestTargetID = F0E078851DEF38C400DA13F7;
					};
				};
			};
			buildConfigurationList = F0E078811DEF38C400DA13F7 /* Build configuration list for PBXProject "MvpExample" */;
			compatibilityVersion = "Xcode 3.2";
			developmentRegion = English;
			hasScannedForEncodings = 0;
			knownRegions = (
				en,
				Base,
			);
			mainGroup = F0E0787D1DEF38C400DA13F7;
			productRefGroup = F0E078871DEF38C400DA13F7 /* Products */;
			projectDirPath = "";
			projectRoot = "";
			targets = (
				F0E078851DEF38C400DA13F7 /* MvpExample */,
				F0E078991DEF38C400DA13F7 /* MvpExampleTests */,
				F0E078A41DEF38C400DA13F7 /* MvpExampleUITests */,
			);
		};
/* End PBXProject section */

/* Begin PBXResourcesBuildPhase section */
		F0E078841DEF38C400DA13F7 /* Resources */ = {
			isa = PBXResourcesBuildPhase;
			buildActionMask = 2147483647;
			files = (
				F0E078941DEF38C400DA13F7 /* LaunchScreen.storyboard in Resources */,
				F0E078911DEF38C400DA13F7 /* Assets.xcassets in Resources */,
				F0E0788F1DEF38C400DA13F7 /* Main.storyboard in Resources */,
				F0AF68C41E1EBA6C005ECA95 /* LightViewController.xib in Resources */,
			);
			runOnlyForDeploymentPostprocessing = 0;
		};
		F0E078981DEF38C400DA13F7 /* Resources */ = {
			isa = PBXResourcesBuildPhase;
			buildActionMask = 2147483647;
			files = (
			);
			runOnlyForDeploymentPostprocessing = 0;
		};
		F0E078A31DEF38C400DA13F7 /* Resources */ = {
			isa = PBXResourcesBuildPhase;
			buildActionMask = 2147483647;
			files = (
			);
			runOnlyForDeploymentPostprocessing = 0;
		};
/* End PBXResourcesBuildPhase section */

/* Begin PBXSourcesBuildPhase section */
		F0E078821DEF38C400DA13F7 /* Sources */ = {
			isa = PBXSourcesBuildPhase;
			buildActionMask = 2147483647;
			files = (
				F0AF68DB1E20EAB6005ECA95 /* ErrorViewDelegate.swift in Sources */,
				F0AF68D61E1F7A45005ECA95 /* LightService.swift in Sources */,
				F0E078BC1DEF3A1700DA13F7 /* AuthService.swift in Sources */,
				F08E23131E1E48150094F17B /* RequestHelper.swift in Sources */,
				F0E078C11DEF3BD400DA13F7 /* AuthView.swift in Sources */,
				F0AF68D21E1F7871005ECA95 /* LightServiceProtocol.swift in Sources */,
				F0E0788C1DEF38C400DA13F7 /* ViewController.swift in Sources */,
				F0E078C41DEF3C6900DA13F7 /* AuthPresenter.swift in Sources */,
				F08E23101E1E348A0094F17B /* ErrorContainer.swift in Sources */,
				F08E230A1E1427870094F17B /* SessionRepositoryProtocol.swift in Sources */,
				F0AF68C81E1F6B7C005ECA95 /* LightViewProtocol.swift in Sources */,
				F0AF68C61E1F6B3D005ECA95 /* LightPresenter.swift in Sources */,
				F0E0788A1DEF38C400DA13F7 /* AppDelegate.swift in Sources */,
				F08E230C1E1428560094F17B /* SessionRepository.swift in Sources */,
				F08E230E1E1E2DF00094F17B /* AuthResponse.swift in Sources */,
				F0E078C61DEF3CB300DA13F7 /* AuthServiceProtocol.swift in Sources */,
				F0AF68DD1E20EADE005ECA95 /* ErrorViewProtocol.swift in Sources */,
				F0AF68C31E1EBA6C005ECA95 /* LightViewController.swift in Sources */,
				F0AF68D41E1F7977005ECA95 /* LightStatusResponse.swift in Sources */,
			);
			runOnlyForDeploymentPostprocessing = 0;
		};
		F0E078961DEF38C400DA13F7 /* Sources */ = {
			isa = PBXSourcesBuildPhase;
			buildActionMask = 2147483647;
			files = (
				F0E0789F1DEF38C400DA13F7 /* MvpExampleTests.swift in Sources */,
			);
			runOnlyForDeploymentPostprocessing = 0;
		};
		F0E078A11DEF38C400DA13F7 /* Sources */ = {
			isa = PBXSourcesBuildPhase;
			buildActionMask = 2147483647;
			files = (
				F0E078AA1DEF38C400DA13F7 /* MvpExampleUITests.swift in Sources */,
			);
			runOnlyForDeploymentPostprocessing = 0;
		};
/* End PBXSourcesBuildPhase section */

/* Begin PBXTargetDependency section */
		F0E0789C1DEF38C400DA13F7 /* PBXTargetDependency */ = {
			isa = PBXTargetDependency;
			target = F0E078851DEF38C400DA13F7 /* MvpExample */;
			targetProxy = F0E0789B1DEF38C400DA13F7 /* PBXContainerItemProxy */;
		};
		F0E078A71DEF38C400DA13F7 /* PBXTargetDependency */ = {
			isa = PBXTargetDependency;
			target = F0E078851DEF38C400DA13F7 /* MvpExample */;
			targetProxy = F0E078A61DEF38C400DA13F7 /* PBXContainerItemProxy */;
		};
/* End PBXTargetDependency section */

/* Begin PBXVariantGroup section */
		F0E0788D1DEF38C400DA13F7 /* Main.storyboard */ = {
			isa = PBXVariantGroup;
			children = (
				F0E0788E1DEF38C400DA13F7 /* Base */,
			);
			name = Main.storyboard;
			sourceTree = "<group>";
		};
		F0E078921DEF38C400DA13F7 /* LaunchScreen.storyboard */ = {
			isa = PBXVariantGroup;
			children = (
				F0E078931DEF38C400DA13F7 /* Base */,
			);
			name = LaunchScreen.storyboard;
			sourceTree = "<group>";
		};
/* End PBXVariantGroup section */

/* Begin XCBuildConfiguration section */
		F0E078AC1DEF38C400DA13F7 /* Debug */ = {
			isa = XCBuildConfiguration;
			buildSettings = {
				ALWAYS_SEARCH_USER_PATHS = NO;
				CLANG_ANALYZER_NONNULL = YES;
				CLANG_CXX_LANGUAGE_STANDARD = "gnu++0x";
				CLANG_CXX_LIBRARY = "libc++";
				CLANG_ENABLE_MODULES = YES;
				CLANG_ENABLE_OBJC_ARC = YES;
				CLANG_WARN_BOOL_CONVERSION = YES;
				CLANG_WARN_CONSTANT_CONVERSION = YES;
				CLANG_WARN_DIRECT_OBJC_ISA_USAGE = YES_ERROR;
				CLANG_WARN_DOCUMENTATION_COMMENTS = YES;
				CLANG_WARN_EMPTY_BODY = YES;
				CLANG_WARN_ENUM_CONVERSION = YES;
				CLANG_WARN_INFINITE_RECURSION = YES;
				CLANG_WARN_INT_CONVERSION = YES;
				CLANG_WARN_OBJC_ROOT_CLASS = YES_ERROR;
				CLANG_WARN_SUSPICIOUS_MOVE = YES;
				CLANG_WARN_SUSPICIOUS_MOVES = YES;
				CLANG_WARN_UNREACHABLE_CODE = YES;
				CLANG_WARN__DUPLICATE_METHOD_MATCH = YES;
				"CODE_SIGN_IDENTITY[sdk=iphoneos*]" = "iPhone Developer";
				COPY_PHASE_STRIP = NO;
				DEBUG_INFORMATION_FORMAT = dwarf;
				ENABLE_STRICT_OBJC_MSGSEND = YES;
				ENABLE_TESTABILITY = YES;
				GCC_C_LANGUAGE_STANDARD = gnu99;
				GCC_DYNAMIC_NO_PIC = NO;
				GCC_NO_COMMON_BLOCKS = YES;
				GCC_OPTIMIZATION_LEVEL = 0;
				GCC_PREPROCESSOR_DEFINITIONS = (
					"DEBUG=1",
					"$(inherited)",
				);
				GCC_WARN_64_TO_32_BIT_CONVERSION = YES;
				GCC_WARN_ABOUT_RETURN_TYPE = YES_ERROR;
				GCC_WARN_UNDECLARED_SELECTOR = YES;
				GCC_WARN_UNINITIALIZED_AUTOS = YES_AGGRESSIVE;
				GCC_WARN_UNUSED_FUNCTION = YES;
				GCC_WARN_UNUSED_VARIABLE = YES;
				IPHONEOS_DEPLOYMENT_TARGET = 10.1;
				MTL_ENABLE_DEBUG_INFO = YES;
				ONLY_ACTIVE_ARCH = YES;
				SDKROOT = iphoneos;
				SWIFT_ACTIVE_COMPILATION_CONDITIONS = DEBUG;
				SWIFT_OPTIMIZATION_LEVEL = "-Onone";
			};
			name = Debug;
		};
		F0E078AD1DEF38C400DA13F7 /* Release */ = {
			isa = XCBuildConfiguration;
			buildSettings = {
				ALWAYS_SEARCH_USER_PATHS = NO;
				CLANG_ANALYZER_NONNULL = YES;
				CLANG_CXX_LANGUAGE_STANDARD = "gnu++0x";
				CLANG_CXX_LIBRARY = "libc++";
				CLANG_ENABLE_MODULES = YES;
				CLANG_ENABLE_OBJC_ARC = YES;
				CLANG_WARN_BOOL_CONVERSION = YES;
				CLANG_WARN_CONSTANT_CONVERSION = YES;
				CLANG_WARN_DIRECT_OBJC_ISA_USAGE = YES_ERROR;
				CLANG_WARN_DOCUMENTATION_COMMENTS = YES;
				CLANG_WARN_EMPTY_BODY = YES;
				CLANG_WARN_ENUM_CONVERSION = YES;
				CLANG_WARN_INFINITE_RECURSION = YES;
				CLANG_WARN_INT_CONVERSION = YES;
				CLANG_WARN_OBJC_ROOT_CLASS = YES_ERROR;
				CLANG_WARN_SUSPICIOUS_MOVE = YES;
				CLANG_WARN_SUSPICIOUS_MOVES = YES;
				CLANG_WARN_UNREACHABLE_CODE = YES;
				CLANG_WARN__DUPLICATE_METHOD_MATCH = YES;
				"CODE_SIGN_IDENTITY[sdk=iphoneos*]" = "iPhone Developer";
				COPY_PHASE_STRIP = NO;
				DEBUG_INFORMATION_FORMAT = "dwarf-with-dsym";
				ENABLE_NS_ASSERTIONS = NO;
				ENABLE_STRICT_OBJC_MSGSEND = YES;
				GCC_C_LANGUAGE_STANDARD = gnu99;
				GCC_NO_COMMON_BLOCKS = YES;
				GCC_WARN_64_TO_32_BIT_CONVERSION = YES;
				GCC_WARN_ABOUT_RETURN_TYPE = YES_ERROR;
				GCC_WARN_UNDECLARED_SELECTOR = YES;
				GCC_WARN_UNINITIALIZED_AUTOS = YES_AGGRESSIVE;
				GCC_WARN_UNUSED_FUNCTION = YES;
				GCC_WARN_UNUSED_VARIABLE = YES;
				IPHONEOS_DEPLOYMENT_TARGET = 10.1;
				MTL_ENABLE_DEBUG_INFO = NO;
				SDKROOT = iphoneos;
				SWIFT_OPTIMIZATION_LEVEL = "-Owholemodule";
				VALIDATE_PRODUCT = YES;
			};
			name = Release;
		};
		F0E078AF1DEF38C400DA13F7 /* Debug */ = {
			isa = XCBuildConfiguration;
			buildSettings = {
				ASSETCATALOG_COMPILER_APPICON_NAME = AppIcon;
				DEVELOPMENT_TEAM = DPML6J8DHS;
				INFOPLIST_FILE = MvpExample/Info.plist;
				LD_RUNPATH_SEARCH_PATHS = "$(inherited) @executable_path/Frameworks";
				PRODUCT_BUNDLE_IDENTIFIER = grishberg.MvpExample;
				PRODUCT_NAME = "$(TARGET_NAME)";
				SWIFT_VERSION = 3.0;
			};
			name = Debug;
		};
		F0E078B01DEF38C400DA13F7 /* Release */ = {
			isa = XCBuildConfiguration;
			buildSettings = {
				ASSETCATALOG_COMPILER_APPICON_NAME = AppIcon;
				DEVELOPMENT_TEAM = DPML6J8DHS;
				INFOPLIST_FILE = MvpExample/Info.plist;
				LD_RUNPATH_SEARCH_PATHS = "$(inherited) @executable_path/Frameworks";
				PRODUCT_BUNDLE_IDENTIFIER = grishberg.MvpExample;
				PRODUCT_NAME = "$(TARGET_NAME)";
				SWIFT_VERSION = 3.0;
			};
			name = Release;
		};
		F0E078B21DEF38C400DA13F7 /* Debug */ = {
			isa = XCBuildConfiguration;
			buildSettings = {
				ALWAYS_EMBED_SWIFT_STANDARD_LIBRARIES = YES;
				BUNDLE_LOADER = "$(TEST_HOST)";
				DEVELOPMENT_TEAM = DPML6J8DHS;
				INFOPLIST_FILE = MvpExampleTests/Info.plist;
				LD_RUNPATH_SEARCH_PATHS = "$(inherited) @executable_path/Frameworks @loader_path/Frameworks";
				PRODUCT_BUNDLE_IDENTIFIER = grishberg.MvpExampleTests;
				PRODUCT_NAME = "$(TARGET_NAME)";
				SWIFT_VERSION = 3.0;
				TEST_HOST = "$(BUILT_PRODUCTS_DIR)/MvpExample.app/MvpExample";
			};
			name = Debug;
		};
		F0E078B31DEF38C400DA13F7 /* Release */ = {
			isa = XCBuildConfiguration;
			buildSettings = {
				ALWAYS_EMBED_SWIFT_STANDARD_LIBRARIES = YES;
				BUNDLE_LOADER = "$(TEST_HOST)";
				DEVELOPMENT_TEAM = DPML6J8DHS;
				INFOPLIST_FILE = MvpExampleTests/Info.plist;
				LD_RUNPATH_SEARCH_PATHS = "$(inherited) @executable_path/Frameworks @loader_path/Frameworks";
				PRODUCT_BUNDLE_IDENTIFIER = grishberg.MvpExampleTests;
				PRODUCT_NAME = "$(TARGET_NAME)";
				SWIFT_VERSION = 3.0;
				TEST_HOST = "$(BUILT_PRODUCTS_DIR)/MvpExample.app/MvpExample";
			};
			name = Release;
		};
		F0E078B51DEF38C400DA13F7 /* Debug */ = {
			isa = XCBuildConfiguration;
			buildSettings = {
				ALWAYS_EMBED_SWIFT_STANDARD_LIBRARIES = YES;
				DEVELOPMENT_TEAM = DPML6J8DHS;
				INFOPLIST_FILE = MvpExampleUITests/Info.plist;
				LD_RUNPATH_SEARCH_PATHS = "$(inherited) @executable_path/Frameworks @loader_path/Frameworks";
				PRODUCT_BUNDLE_IDENTIFIER = grishberg.MvpExampleUITests;
				PRODUCT_NAME = "$(TARGET_NAME)";
				SWIFT_VERSION = 3.0;
				TEST_TARGET_NAME = MvpExample;
			};
			name = Debug;
		};
		F0E078B61DEF38C400DA13F7 /* Release */ = {
			isa = XCBuildConfiguration;
			buildSettings = {
				ALWAYS_EMBED_SWIFT_STANDARD_LIBRARIES = YES;
				DEVELOPMENT_TEAM = DPML6J8DHS;
				INFOPLIST_FILE = MvpExampleUITests/Info.plist;
				LD_RUNPATH_SEARCH_PATHS = "$(inherited) @executable_path/Frameworks @loader_path/Frameworks";
				PRODUCT_BUNDLE_IDENTIFIER = grishberg.MvpExampleUITests;
				PRODUCT_NAME = "$(TARGET_NAME)";
				SWIFT_VERSION = 3.0;
				TEST_TARGET_NAME = MvpExample;
			};
			name = Release;
		};
/* End XCBuildConfiguration section */

/* Begin XCConfigurationList section */
		F0E078811DEF38C400DA13F7 /* Build configuration list for PBXProject "MvpExample" */ = {
			isa = XCConfigurationList;
			buildConfigurations = (
				F0E078AC1DEF38C400DA13F7 /* Debug */,
				F0E078AD1DEF38C400DA13F7 /* Release */,
			);
			defaultConfigurationIsVisible = 0;
			defaultConfigurationName = Release;
		};
		F0E078AE1DEF38C400DA13F7 /* Build configuration list for PBXNativeTarget "MvpExample" */ = {
			isa = XCConfigurationList;
			buildConfigurations = (
				F0E078AF1DEF38C400DA13F7 /* Debug */,
				F0E078B01DEF38C400DA13F7 /* Release */,
			);
			defaultConfigurationIsVisible = 0;
			defaultConfigurationName = Release;
		};
		F0E078B11DEF38C400DA13F7 /* Build configuration list for PBXNativeTarget "MvpExampleTests" */ = {
			isa = XCConfigurationList;
			buildConfigurations = (
				F0E078B21DEF38C400DA13F7 /* Debug */,
				F0E078B31DEF38C400DA13F7 /* Release */,
			);
			defaultConfigurationIsVisible = 0;
			defaultConfigurationName = Release;
		};
		F0E078B41DEF38C400DA13F7 /* Build configuration list for PBXNativeTarget "MvpExampleUITests" */ = {
			isa = XCConfigurationList;
			buildConfigurations = (
				F0E078B51DEF38C400DA13F7 /* Debug */,
				F0E078B61DEF38C400DA13F7 /* Release */,
			);
			defaultConfigurationIsVisible = 0;
			defaultConfigurationName = Release;
		};
/* End XCConfigurationList section */
	};
	rootObject = F0E0787E1DEF38C400DA13F7 /* Project object */;
}
